dependencies:
- name: kube-prometheus-stack
  repository: https://prometheus-community.github.io/helm-charts
  version: 12.12.2
- name: cert-manager
  repository: https://charts.jetstack.io
  version: v1.6.1
- name: envoy
  repository: https://slamdev.github.io/helm-charts
  version: 0.0.7
- name: keycloak
  repository: https://charts.bitnami.com/bitnami
  version: 5.0.1
digest: sha256:ec6343236edd9286c7111c6ff31db62e5d4a8079eb7ae868276a43831704fe02
generated: "2021-11-25T14:53:22.642100817+02:00"
