dependencies:
- name: kube-prometheus-stack
  repository: https://prometheus-community.github.io/helm-charts
  version: 12.12.2
- name: cert-manager
  repository: https://charts.jetstack.io
  version: v1.1.1
- name: keycloak
  repository: https://charts.bitnami.com/bitnami
  version: 5.0.1
digest: sha256:47cdf1a3ab65803006e6e3037043de119a5f27ef1d763aeda76881394415341a
generated: "2021-12-12T17:56:37.452676318+02:00"
