dependencies:
- name: kube-prometheus-stack
  repository: https://prometheus-community.github.io/helm-charts
  version: 16.7.1
- name: cert-manager
  repository: https://charts.jetstack.io
  version: v1.1.1
digest: sha256:de93a69827d709923b04c8d0e0bd53d5a06039fb92bcea8843c677bb7689b22f
generated: "2021-06-14T14:12:47.495395-07:00"
