dependencies:
- name: kube-prometheus-stack
  repository: https://prometheus-community.github.io/helm-charts
  version: 12.12.2
- name: cert-manager
  repository: https://charts.jetstack.io
  version: v1.1.1
digest: sha256:d41ca5bd0231d23f92d6109208bfe454f2dc1bfea250ffbc8c6655054b3fff82
generated: "2021-05-31T09:59:36.791371-04:00"
